
Microsoft Visual Studio Solution File, Format Version 12.00
# Visual Studio Version 17
VisualStudioVersion = 17.3.32819.101
MinimumVisualStudioVersion = 10.0.40219.1
Project("{FAE04EC0-301F-11D3-BF4B-00C04F79EFBC}") = "RandomNumber", "RandomNumber\RandomNumber.csproj", "{88AB2947-C352-4CA6-AE46-B9F266802889}"
EndProject
Global
	GlobalSection(SolutionConfigurationPlatforms) = preSolution
		Debug|Any CPU = Debug|Any CPU
		Release|Any CPU = Release|Any CPU
	EndGlobalSection
	GlobalSection(ProjectConfigurationPlatforms) = postSolution
		{88AB2947-C352-4CA6-AE46-B9F266802889}.Debug|Any CPU.ActiveCfg = Debug|Any CPU
		{88AB2947-C352-4CA6-AE46-B9F266802889}.Debug|Any CPU.Build.0 = Debug|Any CPU
		{88AB2947-C352-4CA6-AE46-B9F266802889}.Release|Any CPU.ActiveCfg = Release|Any CPU
		{88AB2947-C352-4CA6-AE46-B9F266802889}.Release|Any CPU.Build.0 = Release|Any CPU
	EndGlobalSection
	GlobalSection(SolutionProperties) = preSolution
		HideSolutionNode = FALSE
	EndGlobalSection
	GlobalSection(ExtensibilityGlobals) = postSolution
		SolutionGuid = {CE71B543-64F8-4870-9B8F-55A12BE626AA}
	EndGlobalSection
EndGlobal
